{
  "version": 4,
  "terraform_version": "1.1.9",
  "serial": 6,
  "lineage": "09d9c346-e795-c6bc-5069-b5a06f4c847a",
  "outputs": {},
  "resources": [
    {
      "mode": "managed",
      "type": "local_file",
      "name": "pet",
      "provider": "provider[\"registry.terraform.io/hashicorp/local\"]",
      "instances": [
        {
          "schema_version": 0,
          "attributes": {
            "content": "Check for changes",
            "content_base64": null,
            "directory_permission": "0777",
            "file_permission": "0777",
            "filename": "/home/skn/Desktop/Projects/DEVOPS/TERRAFORM/terraform-local-file/pet.txt",
            "id": "67828b261ea5e689be9d72b2e226ad582060d62b",
            "sensitive_content": null,
            "source": null
          },
          "sensitive_attributes": [],
          "private": "bnVsbA=="
        }
      ]
    },
    {
      "mode": "managed",
      "type": "random_pet",
      "name": "my-pet",
      "provider": "provider[\"registry.terraform.io/hashicorp/random\"]",
      "instances": [
        {
          "schema_version": 0,
          "attributes": {
            "id": "Ms.monkey",
            "keepers": null,
            "length": 1,
            "prefix": "Ms",
            "separator": "."
          },
          "sensitive_attributes": [],
          "private": "bnVsbA=="
        }
      ]
    }
  ]
}
